
Microsoft Visual Studio Solution File, Format Version 12.00
# Visual Studio Version 17
VisualStudioVersion = 17.9.34701.34
MinimumVisualStudioVersion = 10.0.40219.1
Project("{FAE04EC0-301F-11D3-BF4B-00C04F79EFBC}") = "Iquirium_projeto_backend_dotnet", "Iquirium_projeto_backend_dotnet\Iquirium_projeto_backend_dotnet.csproj", "{D94B09A4-7A32-4A3D-AEC4-257229FF261C}"
EndProject
Global
	GlobalSection(SolutionConfigurationPlatforms) = preSolution
		Debug|Any CPU = Debug|Any CPU
		Release|Any CPU = Release|Any CPU
	EndGlobalSection
	GlobalSection(ProjectConfigurationPlatforms) = postSolution
		{D94B09A4-7A32-4A3D-AEC4-257229FF261C}.Debug|Any CPU.ActiveCfg = Debug|Any CPU
		{D94B09A4-7A32-4A3D-AEC4-257229FF261C}.Debug|Any CPU.Build.0 = Debug|Any CPU
		{D94B09A4-7A32-4A3D-AEC4-257229FF261C}.Release|Any CPU.ActiveCfg = Release|Any CPU
		{D94B09A4-7A32-4A3D-AEC4-257229FF261C}.Release|Any CPU.Build.0 = Release|Any CPU
	EndGlobalSection
	GlobalSection(SolutionProperties) = preSolution
		HideSolutionNode = FALSE
	EndGlobalSection
	GlobalSection(ExtensibilityGlobals) = postSolution
		SolutionGuid = {6174C1BB-C150-47A9-A077-8A3A97336006}
	EndGlobalSection
EndGlobal
