
Microsoft Visual Studio Solution File, Format Version 12.00
# Visual Studio Version 17
VisualStudioVersion = 17.9.34701.34
MinimumVisualStudioVersion = 10.0.40219.1
Project("{9A19103F-16F7-4668-BE54-9A1E7A4F7556}") = "IquiriumBackendProject", "IquiriumBackendProject\IquiriumBackendProject.csproj", "{126703C9-B7C3-4562-888F-4AEF28A7D727}"
EndProject
Project("{9A19103F-16F7-4668-BE54-9A1E7A4F7556}") = "IquiriumBackendTest", "IquiriumBackendTest\IquiriumBackendTest.csproj", "{7C603889-0B3D-4AB7-BD1D-50E889BD7519}"
EndProject
Global
	GlobalSection(SolutionConfigurationPlatforms) = preSolution
		Debug|Any CPU = Debug|Any CPU
		Release|Any CPU = Release|Any CPU
	EndGlobalSection
	GlobalSection(ProjectConfigurationPlatforms) = postSolution
		{126703C9-B7C3-4562-888F-4AEF28A7D727}.Debug|Any CPU.ActiveCfg = Debug|Any CPU
		{126703C9-B7C3-4562-888F-4AEF28A7D727}.Debug|Any CPU.Build.0 = Debug|Any CPU
		{126703C9-B7C3-4562-888F-4AEF28A7D727}.Release|Any CPU.ActiveCfg = Release|Any CPU
		{126703C9-B7C3-4562-888F-4AEF28A7D727}.Release|Any CPU.Build.0 = Release|Any CPU
		{7C603889-0B3D-4AB7-BD1D-50E889BD7519}.Debug|Any CPU.ActiveCfg = Debug|Any CPU
		{7C603889-0B3D-4AB7-BD1D-50E889BD7519}.Debug|Any CPU.Build.0 = Debug|Any CPU
		{7C603889-0B3D-4AB7-BD1D-50E889BD7519}.Release|Any CPU.ActiveCfg = Release|Any CPU
		{7C603889-0B3D-4AB7-BD1D-50E889BD7519}.Release|Any CPU.Build.0 = Release|Any CPU
	EndGlobalSection
	GlobalSection(SolutionProperties) = preSolution
		HideSolutionNode = FALSE
	EndGlobalSection
	GlobalSection(ExtensibilityGlobals) = postSolution
		SolutionGuid = {D0F81E73-5FB8-4312-A8F4-AC882A168B41}
	EndGlobalSection
EndGlobal
